
Microsoft Visual Studio Solution File, Format Version 12.00
# Visual Studio Version 17
VisualStudioVersion = 17.3.32804.467
MinimumVisualStudioVersion = 10.0.40219.1
Project("{FAE04EC0-301F-11D3-BF4B-00C04F79EFBC}") = "ValidateNumber", "ValidateNumber\ValidateNumber.csproj", "{803B6B79-A79C-4468-9004-E6A691691228}"
EndProject
Project("{FAE04EC0-301F-11D3-BF4B-00C04F79EFBC}") = "BubbleSort", "BubbleSort\BubbleSort.csproj", "{896C286E-23EB-44C6-AE06-09C27F8AE9BE}"
EndProject
Project("{FAE04EC0-301F-11D3-BF4B-00C04F79EFBC}") = "InsertionSort", "InsertionSort\InsertionSort.csproj", "{E7CC56F9-9C17-446C-ADD8-A74DC8035B7D}"
EndProject
Project("{FAE04EC0-301F-11D3-BF4B-00C04F79EFBC}") = "QuickSort", "QuickSort\QuickSort.csproj", "{ACFF11ED-8FF1-4C0A-92F1-08AAA8E61CB8}"
EndProject
Project("{FAE04EC0-301F-11D3-BF4B-00C04F79EFBC}") = "ArrayExample", "ArrayExample\ArrayExample.csproj", "{7738C93F-3793-452D-95B4-13CE0573D4EF}"
EndProject
Project("{FAE04EC0-301F-11D3-BF4B-00C04F79EFBC}") = "CountTimeOfAppearInArray", "CountTimeOfAppearInArray\CountTimeOfAppearInArray.csproj", "{8C0487B5-A6C2-43DA-9E47-247C08A2B5A2}"
EndProject
Project("{FAE04EC0-301F-11D3-BF4B-00C04F79EFBC}") = "BangNhan", "BangNhan\BangNhan.csproj", "{8C080B6E-3B51-4C69-A979-12A51265FA41}"
EndProject
Project("{FAE04EC0-301F-11D3-BF4B-00C04F79EFBC}") = "ValidateLogin", "ValidateLogin\ValidateLogin.csproj", "{B2B8AA6B-AA91-4ED1-A6BA-1A432721F606}"
EndProject
Project("{FAE04EC0-301F-11D3-BF4B-00C04F79EFBC}") = "GiaiPhuongTrinh", "GiaiPhuongTrinh\GiaiPhuongTrinh.csproj", "{36D909D5-A9D8-46AE-B2BD-0A67995D9EDA}"
EndProject
Project("{FAE04EC0-301F-11D3-BF4B-00C04F79EFBC}") = "SwapValue", "SwapValue\SwapValue.csproj", "{3AD6E5DE-F93F-4582-8F26-B475AFA877F7}"
EndProject
Project("{FAE04EC0-301F-11D3-BF4B-00C04F79EFBC}") = "InputValidate", "InputValidate\InputValidate.csproj", "{149BCE41-6530-4205-8EE5-77253BABF9A3}"
EndProject
Project("{FAE04EC0-301F-11D3-BF4B-00C04F79EFBC}") = "LINQ", "LINQ\LINQ.csproj", "{9D56A585-30B5-4A83-8875-C46D83474906}"
EndProject
Project("{FAE04EC0-301F-11D3-BF4B-00C04F79EFBC}") = "TakeManyValueOfList", "TakeManyValueOfList\TakeManyValueOfList.csproj", "{9E21CA0A-CCB3-4CAB-B214-23ECC6E24353}"
EndProject
Project("{FAE04EC0-301F-11D3-BF4B-00C04F79EFBC}") = "DateTimeExample", "DateTimeExample\DateTimeExample.csproj", "{1BE74292-0334-4B88-8417-6D9A209E4B7E}"
EndProject
Project("{FAE04EC0-301F-11D3-BF4B-00C04F79EFBC}") = "CompareTwoObject", "CompareTwoObject\CompareTwoObject.csproj", "{E47B936A-44DA-480B-BF70-7A7A2F90BE7B}"
EndProject
Project("{9A19103F-16F7-4668-BE54-9A1E7A4F7556}") = "TestSomeThing", "TestSomeThing\TestSomeThing.csproj", "{9143F73E-A573-4BBE-A608-946156171493}"
EndProject
Project("{FAE04EC0-301F-11D3-BF4B-00C04F79EFBC}") = "CloneAndCopy", "CloneAndCopy\CloneAndCopy.csproj", "{2792F8F2-76EC-4B0E-99D3-BE756AAD1C0D}"
EndProject
Project("{9A19103F-16F7-4668-BE54-9A1E7A4F7556}") = "MangDoiXung", "MangDoiXung\MangDoiXung.csproj", "{7589ACD5-C396-411B-81CB-6A8C795363C2}"
EndProject
Project("{9A19103F-16F7-4668-BE54-9A1E7A4F7556}") = "EpKieu", "EpKieu\EpKieu.csproj", "{A25461F7-6520-435A-8E54-75F51E8CAC45}"
EndProject
Project("{9A19103F-16F7-4668-BE54-9A1E7A4F7556}") = "TestArraySum", "TestArraySum\TestArraySum.csproj", "{D2ADD059-DEEE-4EC4-8988-E88FF42ED873}"
EndProject
Project("{9A19103F-16F7-4668-BE54-9A1E7A4F7556}") = "OverrideOverLoad", "OverridOverLoad\OverrideOverLoad.csproj", "{E69A4FC8-1EE2-40C4-9776-F2B6E27DF3F4}"
EndProject
Project("{9A19103F-16F7-4668-BE54-9A1E7A4F7556}") = "ReverseRecursion", "ReverseRecursion\ReverseRecursion.csproj", "{54816D09-D452-4A3B-AA9A-0F8E0203B61E}"
EndProject
Project("{9A19103F-16F7-4668-BE54-9A1E7A4F7556}") = "Type_Attr_Reflection", "Type_Attr_Reflection\Type_Attr_Reflection\Type_Attr_Reflection.csproj", "{614F8C0B-F301-4603-BFF5-284B5034C3FB}"
EndProject
Project("{9A19103F-16F7-4668-BE54-9A1E7A4F7556}") = "HttpClientExample", "HttpClient\HttpClientExample.csproj", "{96A94BBE-59A2-4A18-AE3A-5479A16876F9}"
EndProject
Project("{9A19103F-16F7-4668-BE54-9A1E7A4F7556}") = "Delegate_Action_Func", "Delegate_Action_Func\Delegate_Action_Func.csproj", "{7EEECE07-1CEE-4123-A0C3-29C3E1C75CFF}"
EndProject
Project("{9A19103F-16F7-4668-BE54-9A1E7A4F7556}") = "RandomChance", "RandomChance\RandomChance\RandomChance.csproj", "{4DBAF2A0-C681-4D86-AA66-0E627EC43E07}"
EndProject
Global
	GlobalSection(SolutionConfigurationPlatforms) = preSolution
		Debug|Any CPU = Debug|Any CPU
		Debug|x64 = Debug|x64
		Debug|x86 = Debug|x86
		Release|Any CPU = Release|Any CPU
		Release|x64 = Release|x64
		Release|x86 = Release|x86
	EndGlobalSection
	GlobalSection(ProjectConfigurationPlatforms) = postSolution
		{803B6B79-A79C-4468-9004-E6A691691228}.Debug|Any CPU.ActiveCfg = Debug|Any CPU
		{803B6B79-A79C-4468-9004-E6A691691228}.Debug|Any CPU.Build.0 = Debug|Any CPU
		{803B6B79-A79C-4468-9004-E6A691691228}.Debug|x64.ActiveCfg = Debug|Any CPU
		{803B6B79-A79C-4468-9004-E6A691691228}.Debug|x64.Build.0 = Debug|Any CPU
		{803B6B79-A79C-4468-9004-E6A691691228}.Debug|x86.ActiveCfg = Debug|Any CPU
		{803B6B79-A79C-4468-9004-E6A691691228}.Debug|x86.Build.0 = Debug|Any CPU
		{803B6B79-A79C-4468-9004-E6A691691228}.Release|Any CPU.ActiveCfg = Release|Any CPU
		{803B6B79-A79C-4468-9004-E6A691691228}.Release|Any CPU.Build.0 = Release|Any CPU
		{803B6B79-A79C-4468-9004-E6A691691228}.Release|x64.ActiveCfg = Release|Any CPU
		{803B6B79-A79C-4468-9004-E6A691691228}.Release|x64.Build.0 = Release|Any CPU
		{803B6B79-A79C-4468-9004-E6A691691228}.Release|x86.ActiveCfg = Release|Any CPU
		{803B6B79-A79C-4468-9004-E6A691691228}.Release|x86.Build.0 = Release|Any CPU
		{896C286E-23EB-44C6-AE06-09C27F8AE9BE}.Debug|Any CPU.ActiveCfg = Debug|Any CPU
		{896C286E-23EB-44C6-AE06-09C27F8AE9BE}.Debug|Any CPU.Build.0 = Debug|Any CPU
		{896C286E-23EB-44C6-AE06-09C27F8AE9BE}.Debug|x64.ActiveCfg = Debug|Any CPU
		{896C286E-23EB-44C6-AE06-09C27F8AE9BE}.Debug|x64.Build.0 = Debug|Any CPU
		{896C286E-23EB-44C6-AE06-09C27F8AE9BE}.Debug|x86.ActiveCfg = Debug|Any CPU
		{896C286E-23EB-44C6-AE06-09C27F8AE9BE}.Debug|x86.Build.0 = Debug|Any CPU
		{896C286E-23EB-44C6-AE06-09C27F8AE9BE}.Release|Any CPU.ActiveCfg = Release|Any CPU
		{896C286E-23EB-44C6-AE06-09C27F8AE9BE}.Release|Any CPU.Build.0 = Release|Any CPU
		{896C286E-23EB-44C6-AE06-09C27F8AE9BE}.Release|x64.ActiveCfg = Release|Any CPU
		{896C286E-23EB-44C6-AE06-09C27F8AE9BE}.Release|x64.Build.0 = Release|Any CPU
		{896C286E-23EB-44C6-AE06-09C27F8AE9BE}.Release|x86.ActiveCfg = Release|Any CPU
		{896C286E-23EB-44C6-AE06-09C27F8AE9BE}.Release|x86.Build.0 = Release|Any CPU
		{E7CC56F9-9C17-446C-ADD8-A74DC8035B7D}.Debug|Any CPU.ActiveCfg = Debug|Any CPU
		{E7CC56F9-9C17-446C-ADD8-A74DC8035B7D}.Debug|Any CPU.Build.0 = Debug|Any CPU
		{E7CC56F9-9C17-446C-ADD8-A74DC8035B7D}.Debug|x64.ActiveCfg = Debug|Any CPU
		{E7CC56F9-9C17-446C-ADD8-A74DC8035B7D}.Debug|x64.Build.0 = Debug|Any CPU
		{E7CC56F9-9C17-446C-ADD8-A74DC8035B7D}.Debug|x86.ActiveCfg = Debug|Any CPU
		{E7CC56F9-9C17-446C-ADD8-A74DC8035B7D}.Debug|x86.Build.0 = Debug|Any CPU
		{E7CC56F9-9C17-446C-ADD8-A74DC8035B7D}.Release|Any CPU.ActiveCfg = Release|Any CPU
		{E7CC56F9-9C17-446C-ADD8-A74DC8035B7D}.Release|Any CPU.Build.0 = Release|Any CPU
		{E7CC56F9-9C17-446C-ADD8-A74DC8035B7D}.Release|x64.ActiveCfg = Release|Any CPU
		{E7CC56F9-9C17-446C-ADD8-A74DC8035B7D}.Release|x64.Build.0 = Release|Any CPU
		{E7CC56F9-9C17-446C-ADD8-A74DC8035B7D}.Release|x86.ActiveCfg = Release|Any CPU
		{E7CC56F9-9C17-446C-ADD8-A74DC8035B7D}.Release|x86.Build.0 = Release|Any CPU
		{ACFF11ED-8FF1-4C0A-92F1-08AAA8E61CB8}.Debug|Any CPU.ActiveCfg = Debug|Any CPU
		{ACFF11ED-8FF1-4C0A-92F1-08AAA8E61CB8}.Debug|Any CPU.Build.0 = Debug|Any CPU
		{ACFF11ED-8FF1-4C0A-92F1-08AAA8E61CB8}.Debug|x64.ActiveCfg = Debug|Any CPU
		{ACFF11ED-8FF1-4C0A-92F1-08AAA8E61CB8}.Debug|x64.Build.0 = Debug|Any CPU
		{ACFF11ED-8FF1-4C0A-92F1-08AAA8E61CB8}.Debug|x86.ActiveCfg = Debug|Any CPU
		{ACFF11ED-8FF1-4C0A-92F1-08AAA8E61CB8}.Debug|x86.Build.0 = Debug|Any CPU
		{ACFF11ED-8FF1-4C0A-92F1-08AAA8E61CB8}.Release|Any CPU.ActiveCfg = Release|Any CPU
		{ACFF11ED-8FF1-4C0A-92F1-08AAA8E61CB8}.Release|Any CPU.Build.0 = Release|Any CPU
		{ACFF11ED-8FF1-4C0A-92F1-08AAA8E61CB8}.Release|x64.ActiveCfg = Release|Any CPU
		{ACFF11ED-8FF1-4C0A-92F1-08AAA8E61CB8}.Release|x64.Build.0 = Release|Any CPU
		{ACFF11ED-8FF1-4C0A-92F1-08AAA8E61CB8}.Release|x86.ActiveCfg = Release|Any CPU
		{ACFF11ED-8FF1-4C0A-92F1-08AAA8E61CB8}.Release|x86.Build.0 = Release|Any CPU
		{7738C93F-3793-452D-95B4-13CE0573D4EF}.Debug|Any CPU.ActiveCfg = Debug|Any CPU
		{7738C93F-3793-452D-95B4-13CE0573D4EF}.Debug|Any CPU.Build.0 = Debug|Any CPU
		{7738C93F-3793-452D-95B4-13CE0573D4EF}.Debug|x64.ActiveCfg = Debug|Any CPU
		{7738C93F-3793-452D-95B4-13CE0573D4EF}.Debug|x64.Build.0 = Debug|Any CPU
		{7738C93F-3793-452D-95B4-13CE0573D4EF}.Debug|x86.ActiveCfg = Debug|Any CPU
		{7738C93F-3793-452D-95B4-13CE0573D4EF}.Debug|x86.Build.0 = Debug|Any CPU
		{7738C93F-3793-452D-95B4-13CE0573D4EF}.Release|Any CPU.ActiveCfg = Release|Any CPU
		{7738C93F-3793-452D-95B4-13CE0573D4EF}.Release|Any CPU.Build.0 = Release|Any CPU
		{7738C93F-3793-452D-95B4-13CE0573D4EF}.Release|x64.ActiveCfg = Release|Any CPU
		{7738C93F-3793-452D-95B4-13CE0573D4EF}.Release|x64.Build.0 = Release|Any CPU
		{7738C93F-3793-452D-95B4-13CE0573D4EF}.Release|x86.ActiveCfg = Release|Any CPU
		{7738C93F-3793-452D-95B4-13CE0573D4EF}.Release|x86.Build.0 = Release|Any CPU
		{8C0487B5-A6C2-43DA-9E47-247C08A2B5A2}.Debug|Any CPU.ActiveCfg = Debug|Any CPU
		{8C0487B5-A6C2-43DA-9E47-247C08A2B5A2}.Debug|Any CPU.Build.0 = Debug|Any CPU
		{8C0487B5-A6C2-43DA-9E47-247C08A2B5A2}.Debug|x64.ActiveCfg = Debug|Any CPU
		{8C0487B5-A6C2-43DA-9E47-247C08A2B5A2}.Debug|x64.Build.0 = Debug|Any CPU
		{8C0487B5-A6C2-43DA-9E47-247C08A2B5A2}.Debug|x86.ActiveCfg = Debug|Any CPU
		{8C0487B5-A6C2-43DA-9E47-247C08A2B5A2}.Debug|x86.Build.0 = Debug|Any CPU
		{8C0487B5-A6C2-43DA-9E47-247C08A2B5A2}.Release|Any CPU.ActiveCfg = Release|Any CPU
		{8C0487B5-A6C2-43DA-9E47-247C08A2B5A2}.Release|Any CPU.Build.0 = Release|Any CPU
		{8C0487B5-A6C2-43DA-9E47-247C08A2B5A2}.Release|x64.ActiveCfg = Release|Any CPU
		{8C0487B5-A6C2-43DA-9E47-247C08A2B5A2}.Release|x64.Build.0 = Release|Any CPU
		{8C0487B5-A6C2-43DA-9E47-247C08A2B5A2}.Release|x86.ActiveCfg = Release|Any CPU
		{8C0487B5-A6C2-43DA-9E47-247C08A2B5A2}.Release|x86.Build.0 = Release|Any CPU
		{8C080B6E-3B51-4C69-A979-12A51265FA41}.Debug|Any CPU.ActiveCfg = Debug|Any CPU
		{8C080B6E-3B51-4C69-A979-12A51265FA41}.Debug|Any CPU.Build.0 = Debug|Any CPU
		{8C080B6E-3B51-4C69-A979-12A51265FA41}.Debug|x64.ActiveCfg = Debug|Any CPU
		{8C080B6E-3B51-4C69-A979-12A51265FA41}.Debug|x64.Build.0 = Debug|Any CPU
		{8C080B6E-3B51-4C69-A979-12A51265FA41}.Debug|x86.ActiveCfg = Debug|Any CPU
		{8C080B6E-3B51-4C69-A979-12A51265FA41}.Debug|x86.Build.0 = Debug|Any CPU
		{8C080B6E-3B51-4C69-A979-12A51265FA41}.Release|Any CPU.ActiveCfg = Release|Any CPU
		{8C080B6E-3B51-4C69-A979-12A51265FA41}.Release|Any CPU.Build.0 = Release|Any CPU
		{8C080B6E-3B51-4C69-A979-12A51265FA41}.Release|x64.ActiveCfg = Release|Any CPU
		{8C080B6E-3B51-4C69-A979-12A51265FA41}.Release|x64.Build.0 = Release|Any CPU
		{8C080B6E-3B51-4C69-A979-12A51265FA41}.Release|x86.ActiveCfg = Release|Any CPU
		{8C080B6E-3B51-4C69-A979-12A51265FA41}.Release|x86.Build.0 = Release|Any CPU
		{B2B8AA6B-AA91-4ED1-A6BA-1A432721F606}.Debug|Any CPU.ActiveCfg = Debug|Any CPU
		{B2B8AA6B-AA91-4ED1-A6BA-1A432721F606}.Debug|Any CPU.Build.0 = Debug|Any CPU
		{B2B8AA6B-AA91-4ED1-A6BA-1A432721F606}.Debug|x64.ActiveCfg = Debug|Any CPU
		{B2B8AA6B-AA91-4ED1-A6BA-1A432721F606}.Debug|x64.Build.0 = Debug|Any CPU
		{B2B8AA6B-AA91-4ED1-A6BA-1A432721F606}.Debug|x86.ActiveCfg = Debug|Any CPU
		{B2B8AA6B-AA91-4ED1-A6BA-1A432721F606}.Debug|x86.Build.0 = Debug|Any CPU
		{B2B8AA6B-AA91-4ED1-A6BA-1A432721F606}.Release|Any CPU.ActiveCfg = Release|Any CPU
		{B2B8AA6B-AA91-4ED1-A6BA-1A432721F606}.Release|Any CPU.Build.0 = Release|Any CPU
		{B2B8AA6B-AA91-4ED1-A6BA-1A432721F606}.Release|x64.ActiveCfg = Release|Any CPU
		{B2B8AA6B-AA91-4ED1-A6BA-1A432721F606}.Release|x64.Build.0 = Release|Any CPU
		{B2B8AA6B-AA91-4ED1-A6BA-1A432721F606}.Release|x86.ActiveCfg = Release|Any CPU
		{B2B8AA6B-AA91-4ED1-A6BA-1A432721F606}.Release|x86.Build.0 = Release|Any CPU
		{36D909D5-A9D8-46AE-B2BD-0A67995D9EDA}.Debug|Any CPU.ActiveCfg = Debug|Any CPU
		{36D909D5-A9D8-46AE-B2BD-0A67995D9EDA}.Debug|Any CPU.Build.0 = Debug|Any CPU
		{36D909D5-A9D8-46AE-B2BD-0A67995D9EDA}.Debug|x64.ActiveCfg = Debug|Any CPU
		{36D909D5-A9D8-46AE-B2BD-0A67995D9EDA}.Debug|x64.Build.0 = Debug|Any CPU
		{36D909D5-A9D8-46AE-B2BD-0A67995D9EDA}.Debug|x86.ActiveCfg = Debug|Any CPU
		{36D909D5-A9D8-46AE-B2BD-0A67995D9EDA}.Debug|x86.Build.0 = Debug|Any CPU
		{36D909D5-A9D8-46AE-B2BD-0A67995D9EDA}.Release|Any CPU.ActiveCfg = Release|Any CPU
		{36D909D5-A9D8-46AE-B2BD-0A67995D9EDA}.Release|Any CPU.Build.0 = Release|Any CPU
		{36D909D5-A9D8-46AE-B2BD-0A67995D9EDA}.Release|x64.ActiveCfg = Release|Any CPU
		{36D909D5-A9D8-46AE-B2BD-0A67995D9EDA}.Release|x64.Build.0 = Release|Any CPU
		{36D909D5-A9D8-46AE-B2BD-0A67995D9EDA}.Release|x86.ActiveCfg = Release|Any CPU
		{36D909D5-A9D8-46AE-B2BD-0A67995D9EDA}.Release|x86.Build.0 = Release|Any CPU
		{3AD6E5DE-F93F-4582-8F26-B475AFA877F7}.Debug|Any CPU.ActiveCfg = Debug|Any CPU
		{3AD6E5DE-F93F-4582-8F26-B475AFA877F7}.Debug|Any CPU.Build.0 = Debug|Any CPU
		{3AD6E5DE-F93F-4582-8F26-B475AFA877F7}.Debug|x64.ActiveCfg = Debug|Any CPU
		{3AD6E5DE-F93F-4582-8F26-B475AFA877F7}.Debug|x64.Build.0 = Debug|Any CPU
		{3AD6E5DE-F93F-4582-8F26-B475AFA877F7}.Debug|x86.ActiveCfg = Debug|Any CPU
		{3AD6E5DE-F93F-4582-8F26-B475AFA877F7}.Debug|x86.Build.0 = Debug|Any CPU
		{3AD6E5DE-F93F-4582-8F26-B475AFA877F7}.Release|Any CPU.ActiveCfg = Release|Any CPU
		{3AD6E5DE-F93F-4582-8F26-B475AFA877F7}.Release|Any CPU.Build.0 = Release|Any CPU
		{3AD6E5DE-F93F-4582-8F26-B475AFA877F7}.Release|x64.ActiveCfg = Release|Any CPU
		{3AD6E5DE-F93F-4582-8F26-B475AFA877F7}.Release|x64.Build.0 = Release|Any CPU
		{3AD6E5DE-F93F-4582-8F26-B475AFA877F7}.Release|x86.ActiveCfg = Release|Any CPU
		{3AD6E5DE-F93F-4582-8F26-B475AFA877F7}.Release|x86.Build.0 = Release|Any CPU
		{149BCE41-6530-4205-8EE5-77253BABF9A3}.Debug|Any CPU.ActiveCfg = Debug|Any CPU
		{149BCE41-6530-4205-8EE5-77253BABF9A3}.Debug|Any CPU.Build.0 = Debug|Any CPU
		{149BCE41-6530-4205-8EE5-77253BABF9A3}.Debug|x64.ActiveCfg = Debug|Any CPU
		{149BCE41-6530-4205-8EE5-77253BABF9A3}.Debug|x64.Build.0 = Debug|Any CPU
		{149BCE41-6530-4205-8EE5-77253BABF9A3}.Debug|x86.ActiveCfg = Debug|Any CPU
		{149BCE41-6530-4205-8EE5-77253BABF9A3}.Debug|x86.Build.0 = Debug|Any CPU
		{149BCE41-6530-4205-8EE5-77253BABF9A3}.Release|Any CPU.ActiveCfg = Release|Any CPU
		{149BCE41-6530-4205-8EE5-77253BABF9A3}.Release|Any CPU.Build.0 = Release|Any CPU
		{149BCE41-6530-4205-8EE5-77253BABF9A3}.Release|x64.ActiveCfg = Release|Any CPU
		{149BCE41-6530-4205-8EE5-77253BABF9A3}.Release|x64.Build.0 = Release|Any CPU
		{149BCE41-6530-4205-8EE5-77253BABF9A3}.Release|x86.ActiveCfg = Release|Any CPU
		{149BCE41-6530-4205-8EE5-77253BABF9A3}.Release|x86.Build.0 = Release|Any CPU
		{9D56A585-30B5-4A83-8875-C46D83474906}.Debug|Any CPU.ActiveCfg = Debug|Any CPU
		{9D56A585-30B5-4A83-8875-C46D83474906}.Debug|Any CPU.Build.0 = Debug|Any CPU
		{9D56A585-30B5-4A83-8875-C46D83474906}.Debug|x64.ActiveCfg = Debug|Any CPU
		{9D56A585-30B5-4A83-8875-C46D83474906}.Debug|x64.Build.0 = Debug|Any CPU
		{9D56A585-30B5-4A83-8875-C46D83474906}.Debug|x86.ActiveCfg = Debug|Any CPU
		{9D56A585-30B5-4A83-8875-C46D83474906}.Debug|x86.Build.0 = Debug|Any CPU
		{9D56A585-30B5-4A83-8875-C46D83474906}.Release|Any CPU.ActiveCfg = Release|Any CPU
		{9D56A585-30B5-4A83-8875-C46D83474906}.Release|Any CPU.Build.0 = Release|Any CPU
		{9D56A585-30B5-4A83-8875-C46D83474906}.Release|x64.ActiveCfg = Release|Any CPU
		{9D56A585-30B5-4A83-8875-C46D83474906}.Release|x64.Build.0 = Release|Any CPU
		{9D56A585-30B5-4A83-8875-C46D83474906}.Release|x86.ActiveCfg = Release|Any CPU
		{9D56A585-30B5-4A83-8875-C46D83474906}.Release|x86.Build.0 = Release|Any CPU
		{9E21CA0A-CCB3-4CAB-B214-23ECC6E24353}.Debug|Any CPU.ActiveCfg = Debug|Any CPU
		{9E21CA0A-CCB3-4CAB-B214-23ECC6E24353}.Debug|Any CPU.Build.0 = Debug|Any CPU
		{9E21CA0A-CCB3-4CAB-B214-23ECC6E24353}.Debug|x64.ActiveCfg = Debug|Any CPU
		{9E21CA0A-CCB3-4CAB-B214-23ECC6E24353}.Debug|x64.Build.0 = Debug|Any CPU
		{9E21CA0A-CCB3-4CAB-B214-23ECC6E24353}.Debug|x86.ActiveCfg = Debug|Any CPU
		{9E21CA0A-CCB3-4CAB-B214-23ECC6E24353}.Debug|x86.Build.0 = Debug|Any CPU
		{9E21CA0A-CCB3-4CAB-B214-23ECC6E24353}.Release|Any CPU.ActiveCfg = Release|Any CPU
		{9E21CA0A-CCB3-4CAB-B214-23ECC6E24353}.Release|Any CPU.Build.0 = Release|Any CPU
		{9E21CA0A-CCB3-4CAB-B214-23ECC6E24353}.Release|x64.ActiveCfg = Release|Any CPU
		{9E21CA0A-CCB3-4CAB-B214-23ECC6E24353}.Release|x64.Build.0 = Release|Any CPU
		{9E21CA0A-CCB3-4CAB-B214-23ECC6E24353}.Release|x86.ActiveCfg = Release|Any CPU
		{9E21CA0A-CCB3-4CAB-B214-23ECC6E24353}.Release|x86.Build.0 = Release|Any CPU
		{1BE74292-0334-4B88-8417-6D9A209E4B7E}.Debug|Any CPU.ActiveCfg = Debug|Any CPU
		{1BE74292-0334-4B88-8417-6D9A209E4B7E}.Debug|Any CPU.Build.0 = Debug|Any CPU
		{1BE74292-0334-4B88-8417-6D9A209E4B7E}.Debug|x64.ActiveCfg = Debug|Any CPU
		{1BE74292-0334-4B88-8417-6D9A209E4B7E}.Debug|x64.Build.0 = Debug|Any CPU
		{1BE74292-0334-4B88-8417-6D9A209E4B7E}.Debug|x86.ActiveCfg = Debug|Any CPU
		{1BE74292-0334-4B88-8417-6D9A209E4B7E}.Debug|x86.Build.0 = Debug|Any CPU
		{1BE74292-0334-4B88-8417-6D9A209E4B7E}.Release|Any CPU.ActiveCfg = Release|Any CPU
		{1BE74292-0334-4B88-8417-6D9A209E4B7E}.Release|Any CPU.Build.0 = Release|Any CPU
		{1BE74292-0334-4B88-8417-6D9A209E4B7E}.Release|x64.ActiveCfg = Release|Any CPU
		{1BE74292-0334-4B88-8417-6D9A209E4B7E}.Release|x64.Build.0 = Release|Any CPU
		{1BE74292-0334-4B88-8417-6D9A209E4B7E}.Release|x86.ActiveCfg = Release|Any CPU
		{1BE74292-0334-4B88-8417-6D9A209E4B7E}.Release|x86.Build.0 = Release|Any CPU
		{E47B936A-44DA-480B-BF70-7A7A2F90BE7B}.Debug|Any CPU.ActiveCfg = Debug|Any CPU
		{E47B936A-44DA-480B-BF70-7A7A2F90BE7B}.Debug|Any CPU.Build.0 = Debug|Any CPU
		{E47B936A-44DA-480B-BF70-7A7A2F90BE7B}.Debug|x64.ActiveCfg = Debug|Any CPU
		{E47B936A-44DA-480B-BF70-7A7A2F90BE7B}.Debug|x64.Build.0 = Debug|Any CPU
		{E47B936A-44DA-480B-BF70-7A7A2F90BE7B}.Debug|x86.ActiveCfg = Debug|Any CPU
		{E47B936A-44DA-480B-BF70-7A7A2F90BE7B}.Debug|x86.Build.0 = Debug|Any CPU
		{E47B936A-44DA-480B-BF70-7A7A2F90BE7B}.Release|Any CPU.ActiveCfg = Release|Any CPU
		{E47B936A-44DA-480B-BF70-7A7A2F90BE7B}.Release|Any CPU.Build.0 = Release|Any CPU
		{E47B936A-44DA-480B-BF70-7A7A2F90BE7B}.Release|x64.ActiveCfg = Release|Any CPU
		{E47B936A-44DA-480B-BF70-7A7A2F90BE7B}.Release|x64.Build.0 = Release|Any CPU
		{E47B936A-44DA-480B-BF70-7A7A2F90BE7B}.Release|x86.ActiveCfg = Release|Any CPU
		{E47B936A-44DA-480B-BF70-7A7A2F90BE7B}.Release|x86.Build.0 = Release|Any CPU
		{9143F73E-A573-4BBE-A608-946156171493}.Debug|Any CPU.ActiveCfg = Debug|Any CPU
		{9143F73E-A573-4BBE-A608-946156171493}.Debug|Any CPU.Build.0 = Debug|Any CPU
		{9143F73E-A573-4BBE-A608-946156171493}.Debug|x64.ActiveCfg = Debug|Any CPU
		{9143F73E-A573-4BBE-A608-946156171493}.Debug|x64.Build.0 = Debug|Any CPU
		{9143F73E-A573-4BBE-A608-946156171493}.Debug|x86.ActiveCfg = Debug|Any CPU
		{9143F73E-A573-4BBE-A608-946156171493}.Debug|x86.Build.0 = Debug|Any CPU
		{9143F73E-A573-4BBE-A608-946156171493}.Release|Any CPU.ActiveCfg = Release|Any CPU
		{9143F73E-A573-4BBE-A608-946156171493}.Release|Any CPU.Build.0 = Release|Any CPU
		{9143F73E-A573-4BBE-A608-946156171493}.Release|x64.ActiveCfg = Release|Any CPU
		{9143F73E-A573-4BBE-A608-946156171493}.Release|x64.Build.0 = Release|Any CPU
		{9143F73E-A573-4BBE-A608-946156171493}.Release|x86.ActiveCfg = Release|Any CPU
		{9143F73E-A573-4BBE-A608-946156171493}.Release|x86.Build.0 = Release|Any CPU
		{2792F8F2-76EC-4B0E-99D3-BE756AAD1C0D}.Debug|Any CPU.ActiveCfg = Debug|Any CPU
		{2792F8F2-76EC-4B0E-99D3-BE756AAD1C0D}.Debug|Any CPU.Build.0 = Debug|Any CPU
		{2792F8F2-76EC-4B0E-99D3-BE756AAD1C0D}.Debug|x64.ActiveCfg = Debug|Any CPU
		{2792F8F2-76EC-4B0E-99D3-BE756AAD1C0D}.Debug|x64.Build.0 = Debug|Any CPU
		{2792F8F2-76EC-4B0E-99D3-BE756AAD1C0D}.Debug|x86.ActiveCfg = Debug|Any CPU
		{2792F8F2-76EC-4B0E-99D3-BE756AAD1C0D}.Debug|x86.Build.0 = Debug|Any CPU
		{2792F8F2-76EC-4B0E-99D3-BE756AAD1C0D}.Release|Any CPU.ActiveCfg = Release|Any CPU
		{2792F8F2-76EC-4B0E-99D3-BE756AAD1C0D}.Release|Any CPU.Build.0 = Release|Any CPU
		{2792F8F2-76EC-4B0E-99D3-BE756AAD1C0D}.Release|x64.ActiveCfg = Release|Any CPU
		{2792F8F2-76EC-4B0E-99D3-BE756AAD1C0D}.Release|x64.Build.0 = Release|Any CPU
		{2792F8F2-76EC-4B0E-99D3-BE756AAD1C0D}.Release|x86.ActiveCfg = Release|Any CPU
		{2792F8F2-76EC-4B0E-99D3-BE756AAD1C0D}.Release|x86.Build.0 = Release|Any CPU
		{7589ACD5-C396-411B-81CB-6A8C795363C2}.Debug|Any CPU.ActiveCfg = Debug|Any CPU
		{7589ACD5-C396-411B-81CB-6A8C795363C2}.Debug|Any CPU.Build.0 = Debug|Any CPU
		{7589ACD5-C396-411B-81CB-6A8C795363C2}.Debug|x64.ActiveCfg = Debug|Any CPU
		{7589ACD5-C396-411B-81CB-6A8C795363C2}.Debug|x64.Build.0 = Debug|Any CPU
		{7589ACD5-C396-411B-81CB-6A8C795363C2}.Debug|x86.ActiveCfg = Debug|Any CPU
		{7589ACD5-C396-411B-81CB-6A8C795363C2}.Debug|x86.Build.0 = Debug|Any CPU
		{7589ACD5-C396-411B-81CB-6A8C795363C2}.Release|Any CPU.ActiveCfg = Release|Any CPU
		{7589ACD5-C396-411B-81CB-6A8C795363C2}.Release|Any CPU.Build.0 = Release|Any CPU
		{7589ACD5-C396-411B-81CB-6A8C795363C2}.Release|x64.ActiveCfg = Release|Any CPU
		{7589ACD5-C396-411B-81CB-6A8C795363C2}.Release|x64.Build.0 = Release|Any CPU
		{7589ACD5-C396-411B-81CB-6A8C795363C2}.Release|x86.ActiveCfg = Release|Any CPU
		{7589ACD5-C396-411B-81CB-6A8C795363C2}.Release|x86.Build.0 = Release|Any CPU
		{A25461F7-6520-435A-8E54-75F51E8CAC45}.Debug|Any CPU.ActiveCfg = Debug|Any CPU
		{A25461F7-6520-435A-8E54-75F51E8CAC45}.Debug|Any CPU.Build.0 = Debug|Any CPU
		{A25461F7-6520-435A-8E54-75F51E8CAC45}.Debug|x64.ActiveCfg = Debug|Any CPU
		{A25461F7-6520-435A-8E54-75F51E8CAC45}.Debug|x64.Build.0 = Debug|Any CPU
		{A25461F7-6520-435A-8E54-75F51E8CAC45}.Debug|x86.ActiveCfg = Debug|Any CPU
		{A25461F7-6520-435A-8E54-75F51E8CAC45}.Debug|x86.Build.0 = Debug|Any CPU
		{A25461F7-6520-435A-8E54-75F51E8CAC45}.Release|Any CPU.ActiveCfg = Release|Any CPU
		{A25461F7-6520-435A-8E54-75F51E8CAC45}.Release|Any CPU.Build.0 = Release|Any CPU
		{A25461F7-6520-435A-8E54-75F51E8CAC45}.Release|x64.ActiveCfg = Release|Any CPU
		{A25461F7-6520-435A-8E54-75F51E8CAC45}.Release|x64.Build.0 = Release|Any CPU
		{A25461F7-6520-435A-8E54-75F51E8CAC45}.Release|x86.ActiveCfg = Release|Any CPU
		{A25461F7-6520-435A-8E54-75F51E8CAC45}.Release|x86.Build.0 = Release|Any CPU
		{D2ADD059-DEEE-4EC4-8988-E88FF42ED873}.Debug|Any CPU.ActiveCfg = Debug|Any CPU
		{D2ADD059-DEEE-4EC4-8988-E88FF42ED873}.Debug|Any CPU.Build.0 = Debug|Any CPU
		{D2ADD059-DEEE-4EC4-8988-E88FF42ED873}.Debug|x64.ActiveCfg = Debug|Any CPU
		{D2ADD059-DEEE-4EC4-8988-E88FF42ED873}.Debug|x64.Build.0 = Debug|Any CPU
		{D2ADD059-DEEE-4EC4-8988-E88FF42ED873}.Debug|x86.ActiveCfg = Debug|Any CPU
		{D2ADD059-DEEE-4EC4-8988-E88FF42ED873}.Debug|x86.Build.0 = Debug|Any CPU
		{D2ADD059-DEEE-4EC4-8988-E88FF42ED873}.Release|Any CPU.ActiveCfg = Release|Any CPU
		{D2ADD059-DEEE-4EC4-8988-E88FF42ED873}.Release|Any CPU.Build.0 = Release|Any CPU
		{D2ADD059-DEEE-4EC4-8988-E88FF42ED873}.Release|x64.ActiveCfg = Release|Any CPU
		{D2ADD059-DEEE-4EC4-8988-E88FF42ED873}.Release|x64.Build.0 = Release|Any CPU
		{D2ADD059-DEEE-4EC4-8988-E88FF42ED873}.Release|x86.ActiveCfg = Release|Any CPU
		{D2ADD059-DEEE-4EC4-8988-E88FF42ED873}.Release|x86.Build.0 = Release|Any CPU
		{E69A4FC8-1EE2-40C4-9776-F2B6E27DF3F4}.Debug|Any CPU.ActiveCfg = Debug|Any CPU
		{E69A4FC8-1EE2-40C4-9776-F2B6E27DF3F4}.Debug|Any CPU.Build.0 = Debug|Any CPU
		{E69A4FC8-1EE2-40C4-9776-F2B6E27DF3F4}.Debug|x64.ActiveCfg = Debug|Any CPU
		{E69A4FC8-1EE2-40C4-9776-F2B6E27DF3F4}.Debug|x64.Build.0 = Debug|Any CPU
		{E69A4FC8-1EE2-40C4-9776-F2B6E27DF3F4}.Debug|x86.ActiveCfg = Debug|Any CPU
		{E69A4FC8-1EE2-40C4-9776-F2B6E27DF3F4}.Debug|x86.Build.0 = Debug|Any CPU
		{E69A4FC8-1EE2-40C4-9776-F2B6E27DF3F4}.Release|Any CPU.ActiveCfg = Release|Any CPU
		{E69A4FC8-1EE2-40C4-9776-F2B6E27DF3F4}.Release|Any CPU.Build.0 = Release|Any CPU
		{E69A4FC8-1EE2-40C4-9776-F2B6E27DF3F4}.Release|x64.ActiveCfg = Release|Any CPU
		{E69A4FC8-1EE2-40C4-9776-F2B6E27DF3F4}.Release|x64.Build.0 = Release|Any CPU
		{E69A4FC8-1EE2-40C4-9776-F2B6E27DF3F4}.Release|x86.ActiveCfg = Release|Any CPU
		{E69A4FC8-1EE2-40C4-9776-F2B6E27DF3F4}.Release|x86.Build.0 = Release|Any CPU
		{54816D09-D452-4A3B-AA9A-0F8E0203B61E}.Debug|Any CPU.ActiveCfg = Debug|Any CPU
		{54816D09-D452-4A3B-AA9A-0F8E0203B61E}.Debug|Any CPU.Build.0 = Debug|Any CPU
		{54816D09-D452-4A3B-AA9A-0F8E0203B61E}.Debug|x64.ActiveCfg = Debug|Any CPU
		{54816D09-D452-4A3B-AA9A-0F8E0203B61E}.Debug|x64.Build.0 = Debug|Any CPU
		{54816D09-D452-4A3B-AA9A-0F8E0203B61E}.Debug|x86.ActiveCfg = Debug|Any CPU
		{54816D09-D452-4A3B-AA9A-0F8E0203B61E}.Debug|x86.Build.0 = Debug|Any CPU
		{54816D09-D452-4A3B-AA9A-0F8E0203B61E}.Release|Any CPU.ActiveCfg = Release|Any CPU
		{54816D09-D452-4A3B-AA9A-0F8E0203B61E}.Release|Any CPU.Build.0 = Release|Any CPU
		{54816D09-D452-4A3B-AA9A-0F8E0203B61E}.Release|x64.ActiveCfg = Release|Any CPU
		{54816D09-D452-4A3B-AA9A-0F8E0203B61E}.Release|x64.Build.0 = Release|Any CPU
		{54816D09-D452-4A3B-AA9A-0F8E0203B61E}.Release|x86.ActiveCfg = Release|Any CPU
		{54816D09-D452-4A3B-AA9A-0F8E0203B61E}.Release|x86.Build.0 = Release|Any CPU
		{614F8C0B-F301-4603-BFF5-284B5034C3FB}.Debug|Any CPU.ActiveCfg = Debug|Any CPU
		{614F8C0B-F301-4603-BFF5-284B5034C3FB}.Debug|Any CPU.Build.0 = Debug|Any CPU
		{614F8C0B-F301-4603-BFF5-284B5034C3FB}.Debug|x64.ActiveCfg = Debug|Any CPU
		{614F8C0B-F301-4603-BFF5-284B5034C3FB}.Debug|x64.Build.0 = Debug|Any CPU
		{614F8C0B-F301-4603-BFF5-284B5034C3FB}.Debug|x86.ActiveCfg = Debug|Any CPU
		{614F8C0B-F301-4603-BFF5-284B5034C3FB}.Debug|x86.Build.0 = Debug|Any CPU
		{614F8C0B-F301-4603-BFF5-284B5034C3FB}.Release|Any CPU.ActiveCfg = Release|Any CPU
		{614F8C0B-F301-4603-BFF5-284B5034C3FB}.Release|Any CPU.Build.0 = Release|Any CPU
		{614F8C0B-F301-4603-BFF5-284B5034C3FB}.Release|x64.ActiveCfg = Release|Any CPU
		{614F8C0B-F301-4603-BFF5-284B5034C3FB}.Release|x64.Build.0 = Release|Any CPU
		{614F8C0B-F301-4603-BFF5-284B5034C3FB}.Release|x86.ActiveCfg = Release|Any CPU
		{614F8C0B-F301-4603-BFF5-284B5034C3FB}.Release|x86.Build.0 = Release|Any CPU
		{96A94BBE-59A2-4A18-AE3A-5479A16876F9}.Debug|Any CPU.ActiveCfg = Debug|Any CPU
		{96A94BBE-59A2-4A18-AE3A-5479A16876F9}.Debug|Any CPU.Build.0 = Debug|Any CPU
		{96A94BBE-59A2-4A18-AE3A-5479A16876F9}.Debug|x64.ActiveCfg = Debug|Any CPU
		{96A94BBE-59A2-4A18-AE3A-5479A16876F9}.Debug|x64.Build.0 = Debug|Any CPU
		{96A94BBE-59A2-4A18-AE3A-5479A16876F9}.Debug|x86.ActiveCfg = Debug|Any CPU
		{96A94BBE-59A2-4A18-AE3A-5479A16876F9}.Debug|x86.Build.0 = Debug|Any CPU
		{96A94BBE-59A2-4A18-AE3A-5479A16876F9}.Release|Any CPU.ActiveCfg = Release|Any CPU
		{96A94BBE-59A2-4A18-AE3A-5479A16876F9}.Release|Any CPU.Build.0 = Release|Any CPU
		{96A94BBE-59A2-4A18-AE3A-5479A16876F9}.Release|x64.ActiveCfg = Release|Any CPU
		{96A94BBE-59A2-4A18-AE3A-5479A16876F9}.Release|x64.Build.0 = Release|Any CPU
		{96A94BBE-59A2-4A18-AE3A-5479A16876F9}.Release|x86.ActiveCfg = Release|Any CPU
		{96A94BBE-59A2-4A18-AE3A-5479A16876F9}.Release|x86.Build.0 = Release|Any CPU
		{7EEECE07-1CEE-4123-A0C3-29C3E1C75CFF}.Debug|Any CPU.ActiveCfg = Debug|Any CPU
		{7EEECE07-1CEE-4123-A0C3-29C3E1C75CFF}.Debug|Any CPU.Build.0 = Debug|Any CPU
		{7EEECE07-1CEE-4123-A0C3-29C3E1C75CFF}.Debug|x64.ActiveCfg = Debug|Any CPU
		{7EEECE07-1CEE-4123-A0C3-29C3E1C75CFF}.Debug|x64.Build.0 = Debug|Any CPU
		{7EEECE07-1CEE-4123-A0C3-29C3E1C75CFF}.Debug|x86.ActiveCfg = Debug|Any CPU
		{7EEECE07-1CEE-4123-A0C3-29C3E1C75CFF}.Debug|x86.Build.0 = Debug|Any CPU
		{7EEECE07-1CEE-4123-A0C3-29C3E1C75CFF}.Release|Any CPU.ActiveCfg = Release|Any CPU
		{7EEECE07-1CEE-4123-A0C3-29C3E1C75CFF}.Release|Any CPU.Build.0 = Release|Any CPU
		{7EEECE07-1CEE-4123-A0C3-29C3E1C75CFF}.Release|x64.ActiveCfg = Release|Any CPU
		{7EEECE07-1CEE-4123-A0C3-29C3E1C75CFF}.Release|x64.Build.0 = Release|Any CPU
		{7EEECE07-1CEE-4123-A0C3-29C3E1C75CFF}.Release|x86.ActiveCfg = Release|Any CPU
		{7EEECE07-1CEE-4123-A0C3-29C3E1C75CFF}.Release|x86.Build.0 = Release|Any CPU
		{4DBAF2A0-C681-4D86-AA66-0E627EC43E07}.Debug|Any CPU.ActiveCfg = Debug|Any CPU
		{4DBAF2A0-C681-4D86-AA66-0E627EC43E07}.Debug|Any CPU.Build.0 = Debug|Any CPU
		{4DBAF2A0-C681-4D86-AA66-0E627EC43E07}.Debug|x64.ActiveCfg = Debug|Any CPU
		{4DBAF2A0-C681-4D86-AA66-0E627EC43E07}.Debug|x64.Build.0 = Debug|Any CPU
		{4DBAF2A0-C681-4D86-AA66-0E627EC43E07}.Debug|x86.ActiveCfg = Debug|Any CPU
		{4DBAF2A0-C681-4D86-AA66-0E627EC43E07}.Debug|x86.Build.0 = Debug|Any CPU
		{4DBAF2A0-C681-4D86-AA66-0E627EC43E07}.Release|Any CPU.ActiveCfg = Release|Any CPU
		{4DBAF2A0-C681-4D86-AA66-0E627EC43E07}.Release|Any CPU.Build.0 = Release|Any CPU
		{4DBAF2A0-C681-4D86-AA66-0E627EC43E07}.Release|x64.ActiveCfg = Release|Any CPU
		{4DBAF2A0-C681-4D86-AA66-0E627EC43E07}.Release|x64.Build.0 = Release|Any CPU
		{4DBAF2A0-C681-4D86-AA66-0E627EC43E07}.Release|x86.ActiveCfg = Release|Any CPU
		{4DBAF2A0-C681-4D86-AA66-0E627EC43E07}.Release|x86.Build.0 = Release|Any CPU
	EndGlobalSection
	GlobalSection(SolutionProperties) = preSolution
		HideSolutionNode = FALSE
	EndGlobalSection
	GlobalSection(ExtensibilityGlobals) = postSolution
		SolutionGuid = {A59D54F9-8B4A-4C72-9C04-1D0EFB9D6EA0}
	EndGlobalSection
EndGlobal
