
Microsoft Visual Studio Solution File, Format Version 12.00
# Visual Studio Version 16
VisualStudioVersion = 16.0.31321.278
MinimumVisualStudioVersion = 10.0.40219.1
Project("{FAE04EC0-301F-11D3-BF4B-00C04F79EFBC}") = "Type_Attr_Reflection", "Type_Attr_Reflection\Type_Attr_Reflection.csproj", "{A95CBBFA-CC95-408B-9134-D3E71E24634A}"
EndProject
Global
	GlobalSection(SolutionConfigurationPlatforms) = preSolution
		Debug|Any CPU = Debug|Any CPU
		Release|Any CPU = Release|Any CPU
	EndGlobalSection
	GlobalSection(ProjectConfigurationPlatforms) = postSolution
		{A95CBBFA-CC95-408B-9134-D3E71E24634A}.Debug|Any CPU.ActiveCfg = Debug|Any CPU
		{A95CBBFA-CC95-408B-9134-D3E71E24634A}.Debug|Any CPU.Build.0 = Debug|Any CPU
		{A95CBBFA-CC95-408B-9134-D3E71E24634A}.Release|Any CPU.ActiveCfg = Release|Any CPU
		{A95CBBFA-CC95-408B-9134-D3E71E24634A}.Release|Any CPU.Build.0 = Release|Any CPU
	EndGlobalSection
	GlobalSection(SolutionProperties) = preSolution
		HideSolutionNode = FALSE
	EndGlobalSection
	GlobalSection(ExtensibilityGlobals) = postSolution
		SolutionGuid = {CDF6B52A-2A77-4BA1-A908-05BE7BE00382}
	EndGlobalSection
EndGlobal
